{
  "requires": true,
  "lockfileVersion": 1,
  "dependencies": {
    "react-native-async-storage": {
      "version": "0.0.1",
      "resolved": "https://registry.npmjs.org/react-native-async-storage/-/react-native-async-storage-0.0.1.tgz",
      "integrity": "sha1-Xy71/zDq5ktCSOJltTTnLqQc3Gk="
    }
  }
}
